
Microsoft Visual Studio Solution File, Format Version 12.00
# Visual Studio Version 16
VisualStudioVersion = 16.0.29409.12
MinimumVisualStudioVersion = 10.0.40219.1
Project("{FAE04EC0-301F-11D3-BF4B-00C04F79EFBC}") = "GameServer", "GameServer\GameServer.csproj", "{90B172C4-DAD3-47F9-949F-DD6FAC4AE56E}"
EndProject
Global
	GlobalSection(SolutionConfigurationPlatforms) = preSolution
		Debug|Any CPU = Debug|Any CPU
		Release|Any CPU = Release|Any CPU
	EndGlobalSection
	GlobalSection(ProjectConfigurationPlatforms) = postSolution
		{90B172C4-DAD3-47F9-949F-DD6FAC4AE56E}.Debug|Any CPU.ActiveCfg = Debug|Any CPU
		{90B172C4-DAD3-47F9-949F-DD6FAC4AE56E}.Debug|Any CPU.Build.0 = Debug|Any CPU
		{90B172C4-DAD3-47F9-949F-DD6FAC4AE56E}.Release|Any CPU.ActiveCfg = Release|Any CPU
		{90B172C4-DAD3-47F9-949F-DD6FAC4AE56E}.Release|Any CPU.Build.0 = Release|Any CPU
	EndGlobalSection
	GlobalSection(SolutionProperties) = preSolution
		HideSolutionNode = FALSE
	EndGlobalSection
	GlobalSection(ExtensibilityGlobals) = postSolution
		SolutionGuid = {4AE2B804-1971-4493-A7F8-A891FDBA5BF3}
	EndGlobalSection
EndGlobal
